# This file is automatically @generated by Poetry 1.4.2 and should not be changed by hand.

[[package]]
name = "configparser"
version = "5.3.0"
description = "Updated configparser from stdlib for earlier Pythons."
category = "main"
optional = false
python-versions = ">=3.7"
files = [
    {file = "configparser-5.3.0-py3-none-any.whl", hash = "sha256:b065779fd93c6bf4cee42202fa4351b4bb842e96a3fb469440e484517a49b9fa"},
    {file = "configparser-5.3.0.tar.gz", hash = "sha256:8be267824b541c09b08db124917f48ab525a6c3e837011f3130781a224c57090"},
]

[package.extras]
docs = ["jaraco.packaging (>=9)", "jaraco.tidelift (>=1.4)", "rst.linker (>=1.9)", "sphinx"]
testing = ["flake8 (<5)", "pytest (>=6)", "pytest-black (>=0.3.7)", "pytest-checkdocs (>=2.4)", "pytest-cov", "pytest-enabler (>=1.3)", "pytest-flake8", "pytest-mypy (>=0.9.1)", "types-backports"]

[[package]]
name = "mongoengine"
version = "0.27.0"
description = "MongoEngine is a Python Object-Document Mapper for working with MongoDB."
category = "main"
optional = false
python-versions = ">=3.7"
files = [
    {file = "mongoengine-0.27.0-py3-none-any.whl", hash = "sha256:c3523b8f886052f3deb200b3218bcc13e4b781661e3bea38587cc936c80ea358"},
    {file = "mongoengine-0.27.0.tar.gz", hash = "sha256:8f38df7834dc4b192d89f2668dcf3091748d12f74d55648ce77b919167a4a49b"},
]

[package.dependencies]
pymongo = ">=3.4,<5.0"

[[package]]
name = "pymongo"
version = "3.6.0"
description = "Python driver for MongoDB <http://www.mongodb.org>"
category = "main"
optional = false
python-versions = "*"
files = [
    {file = "pymongo-3.6.0-cp26-cp26m-macosx_10_12_intel.whl", hash = "sha256:54e5a5e70ca8afe38f517746ace4d20f5d814de16d5734299a18a664feb47a3f"},
    {file = "pymongo-3.6.0-cp26-cp26m-manylinux1_i686.whl", hash = "sha256:59cf6f39042acd8062cc5c685838fb1532bb6424992ac757ceec742452d5a1bc"},
    {file = "pymongo-3.6.0-cp26-cp26m-manylinux1_x86_64.whl", hash = "sha256:f21caa2aae45ebfc420bc2631acf2c8de0e8384b14565c415c2fae9dc7aacdf9"},
    {file = "pymongo-3.6.0-cp26-cp26m-win32.whl", hash = "sha256:914ae20e5f3574135ae270d69bd7e8cfdaacbfc561c47e587dee0dcbada3a3a2"},
    {file = "pymongo-3.6.0-cp26-cp26m-win_amd64.whl", hash = "sha256:595b2b780e5b17e95eac1c5a8935a673742186849cd73bde6706b76b7de8d1ef"},
    {file = "pymongo-3.6.0-cp26-cp26mu-manylinux1_i686.whl", hash = "sha256:8c235432ddc354382ef9cce1e852d3c55ade84f661bcb617f2d095476d2927c4"},
    {file = "pymongo-3.6.0-cp26-cp26mu-manylinux1_x86_64.whl", hash = "sha256:82498737ef6c1ed6982b819eeac7fc241a581e7ac0eb73bea21bd4888e6e0530"},
    {file = "pymongo-3.6.0-cp27-cp27m-macosx_10_13_intel.whl", hash = "sha256:db739c3323e4b5abd4778a2b3c73b7582c5ceadb40612e0dcc20fbc1abb538a3"},
    {file = "pymongo-3.6.0-cp27-cp27m-manylinux1_i686.whl", hash = "sha256:6de8a60ce357b36bfee923abcea29ede2906fa88cdc426d078e8fbb9b00efaa8"},
    {file = "pymongo-3.6.0-cp27-cp27m-manylinux1_x86_64.whl", hash = "sha256:480addc4e9b87877d0508d64a5f2489448358537e94476f6341538981aef6e8f"},
    {file = "pymongo-3.6.0-cp27-cp27m-win32.whl", hash = "sha256:dd93e47651d7a7a63c32d0c8f5d6e6c50d99b7a0f2ef08a4237727d89dac8f4e"},
    {file = "pymongo-3.6.0-cp27-cp27m-win_amd64.whl", hash = "sha256:1ee151105631724db9616dd2e083d7c28141c3fedc3d71c12bace5466621f785"},
    {file = "pymongo-3.6.0-cp27-cp27mu-manylinux1_i686.whl", hash = "sha256:d8a81a7d611936931145fa759cfacf99ff755d16e2d336677af439e128613da1"},
    {file = "pymongo-3.6.0-cp27-cp27mu-manylinux1_x86_64.whl", hash = "sha256:8c360dba39dce961d1e3b5af048612d17575f62abf889b9ddd74ab52d9026ed9"},
    {file = "pymongo-3.6.0-cp27-none-macosx_10_12_x86_64.whl", hash = "sha256:66afa84a953e0e59d1f60bb05f25202759b9a606c748ee410b96763152cfd11a"},
    {file = "pymongo-3.6.0-cp34-cp34m-macosx_10_6_intel.whl", hash = "sha256:2dd5b261b00adffce993dc5ffd0feb94368e1657eb16edeed62ae8fe142ac34e"},
    {file = "pymongo-3.6.0-cp34-cp34m-manylinux1_i686.whl", hash = "sha256:b20de0b3b796f2ff2dddf14aba911bc429911583b8bbbaee2976e7fce7a56d56"},
    {file = "pymongo-3.6.0-cp34-cp34m-manylinux1_x86_64.whl", hash = "sha256:63d64859599b3ddc85ae7a211051e12ed956ce1deeaddc2c620fa323b6dfa97f"},
    {file = "pymongo-3.6.0-cp34-cp34m-win32.whl", hash = "sha256:9162ebfca987ddf1dead8406e9b5bab3a68444b13fdd5aed9eca8bdec01a58f4"},
    {file = "pymongo-3.6.0-cp34-cp34m-win_amd64.whl", hash = "sha256:20769fd9bc0837e7334ad2c6c06953024b415dbed09fd59d6a61feeb29a6fe30"},
    {file = "pymongo-3.6.0-cp35-cp35m-macosx_10_6_intel.whl", hash = "sha256:ef1fb8ebbc0a0d1c92f6a2da4602e7ea10863fd546854d168c6638a0976e79fd"},
    {file = "pymongo-3.6.0-cp35-cp35m-manylinux1_i686.whl", hash = "sha256:99c794e427ff9cb50d7bd9ec52c4f1b89a8318f37b4ccbefdce446a7f4ec5f7c"},
    {file = "pymongo-3.6.0-cp35-cp35m-manylinux1_x86_64.whl", hash = "sha256:f90b14d3c833c3d588066fec3334d5c1648a7cfee4e279dc1e553ec13082559b"},
    {file = "pymongo-3.6.0-cp35-cp35m-win32.whl", hash = "sha256:456b96c606147cea58f9316092b1ac8a239e891a1e8644a932e8a3c9cafec155"},
    {file = "pymongo-3.6.0-cp35-cp35m-win_amd64.whl", hash = "sha256:adb7b6cf1bb6908cbe5b2e131e2cc22c707fbf0f9f0f27878494834683b997a2"},
    {file = "pymongo-3.6.0-cp36-cp36m-macosx_10_6_intel.whl", hash = "sha256:fa1449e2a6cd96dfadf66530ba203fadfbcf54a4724628dac4104fc292b06477"},
    {file = "pymongo-3.6.0-cp36-cp36m-manylinux1_i686.whl", hash = "sha256:18fa5c2ebb23c8f34f30a5c764ada19621a4523f83aeeb8df9fc19ecfe76f838"},
    {file = "pymongo-3.6.0-cp36-cp36m-manylinux1_x86_64.whl", hash = "sha256:ea876d43fdeefebf8afa18cd647efa7b930eb8a4719ebdb1a8106cc51c446437"},
    {file = "pymongo-3.6.0-cp36-cp36m-win32.whl", hash = "sha256:634dc6e204f2dedfae18a095790e3baba6b071dbe0660b2b3af0f21ea0215cd4"},
    {file = "pymongo-3.6.0-cp36-cp36m-win_amd64.whl", hash = "sha256:01dd4d25dc0fad15db3b384d04ac6cc1f75b56b48afd0a85a8d8207b44b741bb"},
    {file = "pymongo-3.6.0.tar.gz", hash = "sha256:c6de26d1e171cdc449745b82f1addbc873d105b8e7335097da991c0fc664a4a8"},
]

[package.extras]
gssapi = ["pykerberos"]
srv = ["dnspython (>=1.8.0,<2.0.0)"]
tls = ["certifi", "ipaddress"]

[metadata]
lock-version = "2.0"
python-versions = "^3.10"
content-hash = "eda5afb20a9aac901f270d057cd81e5c148670ecbe6f41593c09ec650d6188ae"
